
Microsoft Visual Studio Solution File, Format Version 12.00
# Visual Studio 14
VisualStudioVersion = 14.0.23107.0
MinimumVisualStudioVersion = 10.0.40219.1
Project("{FAE04EC0-301F-11D3-BF4B-00C04F79EFBC}") = "LoginNavigationExample", "LoginNavigationExample\LoginNavigationExample\LoginNavigationExample.csproj", "{0363F03B-AB74-44B3-8F5E-880997F28BEA}"
EndProject
Project("{FAE04EC0-301F-11D3-BF4B-00C04F79EFBC}") = "LoginNavigationExample.iOS", "LoginNavigationExample\LoginNavigationExample.iOS\LoginNavigationExample.iOS.csproj", "{4798C0DE-703F-47BB-B159-821F617D4380}"
EndProject
Project("{FAE04EC0-301F-11D3-BF4B-00C04F79EFBC}") = "LoginNavigationExample.Droid", "LoginNavigationExample\LoginNavigationExample.Droid\LoginNavigationExample.Droid.csproj", "{E5968823-5138-4D25-946A-C3EABA75C893}"
EndProject
Project("{FAE04EC0-301F-11D3-BF4B-00C04F79EFBC}") = "LoginNavigationExample.WinPhone", "LoginNavigationExample\LoginNavigationExample.WinPhone\LoginNavigationExample.WinPhone.csproj", "{76F7228D-C6A8-4D47-8804-E83E73910AB7}"
EndProject
Global
	GlobalSection(SolutionConfigurationPlatforms) = preSolution
		Ad-Hoc|Any CPU = Ad-Hoc|Any CPU
		Ad-Hoc|ARM = Ad-Hoc|ARM
		Ad-Hoc|iPhone = Ad-Hoc|iPhone
		Ad-Hoc|iPhoneSimulator = Ad-Hoc|iPhoneSimulator
		Ad-Hoc|x86 = Ad-Hoc|x86
		AppStore|Any CPU = AppStore|Any CPU
		AppStore|ARM = AppStore|ARM
		AppStore|iPhone = AppStore|iPhone
		AppStore|iPhoneSimulator = AppStore|iPhoneSimulator
		AppStore|x86 = AppStore|x86
		Debug|Any CPU = Debug|Any CPU
		Debug|ARM = Debug|ARM
		Debug|iPhone = Debug|iPhone
		Debug|iPhoneSimulator = Debug|iPhoneSimulator
		Debug|x86 = Debug|x86
		Release|Any CPU = Release|Any CPU
		Release|ARM = Release|ARM
		Release|iPhone = Release|iPhone
		Release|iPhoneSimulator = Release|iPhoneSimulator
		Release|x86 = Release|x86
	EndGlobalSection
	GlobalSection(ProjectConfigurationPlatforms) = postSolution
		{0363F03B-AB74-44B3-8F5E-880997F28BEA}.Ad-Hoc|Any CPU.ActiveCfg = Release|Any CPU
		{0363F03B-AB74-44B3-8F5E-880997F28BEA}.Ad-Hoc|Any CPU.Build.0 = Release|Any CPU
		{0363F03B-AB74-44B3-8F5E-880997F28BEA}.Ad-Hoc|ARM.ActiveCfg = Release|Any CPU
		{0363F03B-AB74-44B3-8F5E-880997F28BEA}.Ad-Hoc|ARM.Build.0 = Release|Any CPU
		{0363F03B-AB74-44B3-8F5E-880997F28BEA}.Ad-Hoc|iPhone.ActiveCfg = Release|Any CPU
		{0363F03B-AB74-44B3-8F5E-880997F28BEA}.Ad-Hoc|iPhone.Build.0 = Release|Any CPU
		{0363F03B-AB74-44B3-8F5E-880997F28BEA}.Ad-Hoc|iPhoneSimulator.ActiveCfg = Release|Any CPU
		{0363F03B-AB74-44B3-8F5E-880997F28BEA}.Ad-Hoc|iPhoneSimulator.Build.0 = Release|Any CPU
		{0363F03B-AB74-44B3-8F5E-880997F28BEA}.Ad-Hoc|x86.ActiveCfg = Release|Any CPU
		{0363F03B-AB74-44B3-8F5E-880997F28BEA}.Ad-Hoc|x86.Build.0 = Release|Any CPU
		{0363F03B-AB74-44B3-8F5E-880997F28BEA}.AppStore|Any CPU.ActiveCfg = Release|Any CPU
		{0363F03B-AB74-44B3-8F5E-880997F28BEA}.AppStore|Any CPU.Build.0 = Release|Any CPU
		{0363F03B-AB74-44B3-8F5E-880997F28BEA}.AppStore|ARM.ActiveCfg = Release|Any CPU
		{0363F03B-AB74-44B3-8F5E-880997F28BEA}.AppStore|ARM.Build.0 = Release|Any CPU
		{0363F03B-AB74-44B3-8F5E-880997F28BEA}.AppStore|iPhone.ActiveCfg = Release|Any CPU
		{0363F03B-AB74-44B3-8F5E-880997F28BEA}.AppStore|iPhone.Build.0 = Release|Any CPU
		{0363F03B-AB74-44B3-8F5E-880997F28BEA}.AppStore|iPhoneSimulator.ActiveCfg = Release|Any CPU
		{0363F03B-AB74-44B3-8F5E-880997F28BEA}.AppStore|iPhoneSimulator.Build.0 = Release|Any CPU
		{0363F03B-AB74-44B3-8F5E-880997F28BEA}.AppStore|x86.ActiveCfg = Release|Any CPU
		{0363F03B-AB74-44B3-8F5E-880997F28BEA}.AppStore|x86.Build.0 = Release|Any CPU
		{0363F03B-AB74-44B3-8F5E-880997F28BEA}.Debug|Any CPU.ActiveCfg = Debug|Any CPU
		{0363F03B-AB74-44B3-8F5E-880997F28BEA}.Debug|Any CPU.Build.0 = Debug|Any CPU
		{0363F03B-AB74-44B3-8F5E-880997F28BEA}.Debug|ARM.ActiveCfg = Debug|Any CPU
		{0363F03B-AB74-44B3-8F5E-880997F28BEA}.Debug|ARM.Build.0 = Debug|Any CPU
		{0363F03B-AB74-44B3-8F5E-880997F28BEA}.Debug|iPhone.ActiveCfg = Debug|Any CPU
		{0363F03B-AB74-44B3-8F5E-880997F28BEA}.Debug|iPhone.Build.0 = Debug|Any CPU
		{0363F03B-AB74-44B3-8F5E-880997F28BEA}.Debug|iPhoneSimulator.ActiveCfg = Debug|Any CPU
		{0363F03B-AB74-44B3-8F5E-880997F28BEA}.Debug|iPhoneSimulator.Build.0 = Debug|Any CPU
		{0363F03B-AB74-44B3-8F5E-880997F28BEA}.Debug|x86.ActiveCfg = Debug|Any CPU
		{0363F03B-AB74-44B3-8F5E-880997F28BEA}.Debug|x86.Build.0 = Debug|Any CPU
		{0363F03B-AB74-44B3-8F5E-880997F28BEA}.Release|Any CPU.ActiveCfg = Release|Any CPU
		{0363F03B-AB74-44B3-8F5E-880997F28BEA}.Release|Any CPU.Build.0 = Release|Any CPU
		{0363F03B-AB74-44B3-8F5E-880997F28BEA}.Release|ARM.ActiveCfg = Release|Any CPU
		{0363F03B-AB74-44B3-8F5E-880997F28BEA}.Release|ARM.Build.0 = Release|Any CPU
		{0363F03B-AB74-44B3-8F5E-880997F28BEA}.Release|iPhone.ActiveCfg = Release|Any CPU
		{0363F03B-AB74-44B3-8F5E-880997F28BEA}.Release|iPhone.Build.0 = Release|Any CPU
		{0363F03B-AB74-44B3-8F5E-880997F28BEA}.Release|iPhoneSimulator.ActiveCfg = Release|Any CPU
		{0363F03B-AB74-44B3-8F5E-880997F28BEA}.Release|iPhoneSimulator.Build.0 = Release|Any CPU
		{0363F03B-AB74-44B3-8F5E-880997F28BEA}.Release|x86.ActiveCfg = Release|Any CPU
		{0363F03B-AB74-44B3-8F5E-880997F28BEA}.Release|x86.Build.0 = Release|Any CPU
		{4798C0DE-703F-47BB-B159-821F617D4380}.Ad-Hoc|Any CPU.ActiveCfg = Ad-Hoc|iPhone
		{4798C0DE-703F-47BB-B159-821F617D4380}.Ad-Hoc|ARM.ActiveCfg = Ad-Hoc|iPhone
		{4798C0DE-703F-47BB-B159-821F617D4380}.Ad-Hoc|iPhone.ActiveCfg = Ad-Hoc|iPhone
		{4798C0DE-703F-47BB-B159-821F617D4380}.Ad-Hoc|iPhone.Build.0 = Ad-Hoc|iPhone
		{4798C0DE-703F-47BB-B159-821F617D4380}.Ad-Hoc|iPhoneSimulator.ActiveCfg = Ad-Hoc|iPhoneSimulator
		{4798C0DE-703F-47BB-B159-821F617D4380}.Ad-Hoc|iPhoneSimulator.Build.0 = Ad-Hoc|iPhoneSimulator
		{4798C0DE-703F-47BB-B159-821F617D4380}.Ad-Hoc|x86.ActiveCfg = Ad-Hoc|iPhone
		{4798C0DE-703F-47BB-B159-821F617D4380}.AppStore|Any CPU.ActiveCfg = AppStore|iPhone
		{4798C0DE-703F-47BB-B159-821F617D4380}.AppStore|ARM.ActiveCfg = AppStore|iPhone
		{4798C0DE-703F-47BB-B159-821F617D4380}.AppStore|iPhone.ActiveCfg = AppStore|iPhone
		{4798C0DE-703F-47BB-B159-821F617D4380}.AppStore|iPhone.Build.0 = AppStore|iPhone
		{4798C0DE-703F-47BB-B159-821F617D4380}.AppStore|iPhoneSimulator.ActiveCfg = AppStore|iPhoneSimulator
		{4798C0DE-703F-47BB-B159-821F617D4380}.AppStore|iPhoneSimulator.Build.0 = AppStore|iPhoneSimulator
		{4798C0DE-703F-47BB-B159-821F617D4380}.AppStore|x86.ActiveCfg = AppStore|iPhone
		{4798C0DE-703F-47BB-B159-821F617D4380}.Debug|Any CPU.ActiveCfg = Debug|iPhone
		{4798C0DE-703F-47BB-B159-821F617D4380}.Debug|ARM.ActiveCfg = Debug|iPhone
		{4798C0DE-703F-47BB-B159-821F617D4380}.Debug|iPhone.ActiveCfg = Debug|iPhone
		{4798C0DE-703F-47BB-B159-821F617D4380}.Debug|iPhone.Build.0 = Debug|iPhone
		{4798C0DE-703F-47BB-B159-821F617D4380}.Debug|iPhoneSimulator.ActiveCfg = Debug|iPhoneSimulator
		{4798C0DE-703F-47BB-B159-821F617D4380}.Debug|iPhoneSimulator.Build.0 = Debug|iPhoneSimulator
		{4798C0DE-703F-47BB-B159-821F617D4380}.Debug|x86.ActiveCfg = Debug|iPhone
		{4798C0DE-703F-47BB-B159-821F617D4380}.Release|Any CPU.ActiveCfg = Release|iPhone
		{4798C0DE-703F-47BB-B159-821F617D4380}.Release|ARM.ActiveCfg = Release|iPhone
		{4798C0DE-703F-47BB-B159-821F617D4380}.Release|iPhone.ActiveCfg = Release|iPhone
		{4798C0DE-703F-47BB-B159-821F617D4380}.Release|iPhone.Build.0 = Release|iPhone
		{4798C0DE-703F-47BB-B159-821F617D4380}.Release|iPhoneSimulator.ActiveCfg = Release|iPhoneSimulator
		{4798C0DE-703F-47BB-B159-821F617D4380}.Release|iPhoneSimulator.Build.0 = Release|iPhoneSimulator
		{4798C0DE-703F-47BB-B159-821F617D4380}.Release|x86.ActiveCfg = Release|iPhone
		{E5968823-5138-4D25-946A-C3EABA75C893}.Ad-Hoc|Any CPU.ActiveCfg = Release|Any CPU
		{E5968823-5138-4D25-946A-C3EABA75C893}.Ad-Hoc|Any CPU.Build.0 = Release|Any CPU
		{E5968823-5138-4D25-946A-C3EABA75C893}.Ad-Hoc|Any CPU.Deploy.0 = Release|Any CPU
		{E5968823-5138-4D25-946A-C3EABA75C893}.Ad-Hoc|ARM.ActiveCfg = Release|Any CPU
		{E5968823-5138-4D25-946A-C3EABA75C893}.Ad-Hoc|ARM.Build.0 = Release|Any CPU
		{E5968823-5138-4D25-946A-C3EABA75C893}.Ad-Hoc|ARM.Deploy.0 = Release|Any CPU
		{E5968823-5138-4D25-946A-C3EABA75C893}.Ad-Hoc|iPhone.ActiveCfg = Release|Any CPU
		{E5968823-5138-4D25-946A-C3EABA75C893}.Ad-Hoc|iPhone.Build.0 = Release|Any CPU
		{E5968823-5138-4D25-946A-C3EABA75C893}.Ad-Hoc|iPhone.Deploy.0 = Release|Any CPU
		{E5968823-5138-4D25-946A-C3EABA75C893}.Ad-Hoc|iPhoneSimulator.ActiveCfg = Release|Any CPU
		{E5968823-5138-4D25-946A-C3EABA75C893}.Ad-Hoc|iPhoneSimulator.Build.0 = Release|Any CPU
		{E5968823-5138-4D25-946A-C3EABA75C893}.Ad-Hoc|iPhoneSimulator.Deploy.0 = Release|Any CPU
		{E5968823-5138-4D25-946A-C3EABA75C893}.Ad-Hoc|x86.ActiveCfg = Release|Any CPU
		{E5968823-5138-4D25-946A-C3EABA75C893}.Ad-Hoc|x86.Build.0 = Release|Any CPU
		{E5968823-5138-4D25-946A-C3EABA75C893}.Ad-Hoc|x86.Deploy.0 = Release|Any CPU
		{E5968823-5138-4D25-946A-C3EABA75C893}.AppStore|Any CPU.ActiveCfg = Release|Any CPU
		{E5968823-5138-4D25-946A-C3EABA75C893}.AppStore|Any CPU.Build.0 = Release|Any CPU
		{E5968823-5138-4D25-946A-C3EABA75C893}.AppStore|Any CPU.Deploy.0 = Release|Any CPU
		{E5968823-5138-4D25-946A-C3EABA75C893}.AppStore|ARM.ActiveCfg = Release|Any CPU
		{E5968823-5138-4D25-946A-C3EABA75C893}.AppStore|ARM.Build.0 = Release|Any CPU
		{E5968823-5138-4D25-946A-C3EABA75C893}.AppStore|ARM.Deploy.0 = Release|Any CPU
		{E5968823-5138-4D25-946A-C3EABA75C893}.AppStore|iPhone.ActiveCfg = Release|Any CPU
		{E5968823-5138-4D25-946A-C3EABA75C893}.AppStore|iPhone.Build.0 = Release|Any CPU
		{E5968823-5138-4D25-946A-C3EABA75C893}.AppStore|iPhone.Deploy.0 = Release|Any CPU
		{E5968823-5138-4D25-946A-C3EABA75C893}.AppStore|iPhoneSimulator.ActiveCfg = Release|Any CPU
		{E5968823-5138-4D25-946A-C3EABA75C893}.AppStore|iPhoneSimulator.Build.0 = Release|Any CPU
		{E5968823-5138-4D25-946A-C3EABA75C893}.AppStore|iPhoneSimulator.Deploy.0 = Release|Any CPU
		{E5968823-5138-4D25-946A-C3EABA75C893}.AppStore|x86.ActiveCfg = Release|Any CPU
		{E5968823-5138-4D25-946A-C3EABA75C893}.AppStore|x86.Build.0 = Release|Any CPU
		{E5968823-5138-4D25-946A-C3EABA75C893}.AppStore|x86.Deploy.0 = Release|Any CPU
		{E5968823-5138-4D25-946A-C3EABA75C893}.Debug|Any CPU.ActiveCfg = Debug|Any CPU
		{E5968823-5138-4D25-946A-C3EABA75C893}.Debug|Any CPU.Build.0 = Debug|Any CPU
		{E5968823-5138-4D25-946A-C3EABA75C893}.Debug|Any CPU.Deploy.0 = Debug|Any CPU
		{E5968823-5138-4D25-946A-C3EABA75C893}.Debug|ARM.ActiveCfg = Debug|Any CPU
		{E5968823-5138-4D25-946A-C3EABA75C893}.Debug|ARM.Build.0 = Debug|Any CPU
		{E5968823-5138-4D25-946A-C3EABA75C893}.Debug|ARM.Deploy.0 = Debug|Any CPU
		{E5968823-5138-4D25-946A-C3EABA75C893}.Debug|iPhone.ActiveCfg = Debug|Any CPU
		{E5968823-5138-4D25-946A-C3EABA75C893}.Debug|iPhone.Build.0 = Debug|Any CPU
		{E5968823-5138-4D25-946A-C3EABA75C893}.Debug|iPhone.Deploy.0 = Debug|Any CPU
		{E5968823-5138-4D25-946A-C3EABA75C893}.Debug|iPhoneSimulator.ActiveCfg = Debug|Any CPU
		{E5968823-5138-4D25-946A-C3EABA75C893}.Debug|iPhoneSimulator.Build.0 = Debug|Any CPU
		{E5968823-5138-4D25-946A-C3EABA75C893}.Debug|iPhoneSimulator.Deploy.0 = Debug|Any CPU
		{E5968823-5138-4D25-946A-C3EABA75C893}.Debug|x86.ActiveCfg = Debug|Any CPU
		{E5968823-5138-4D25-946A-C3EABA75C893}.Debug|x86.Build.0 = Debug|Any CPU
		{E5968823-5138-4D25-946A-C3EABA75C893}.Debug|x86.Deploy.0 = Debug|Any CPU
		{E5968823-5138-4D25-946A-C3EABA75C893}.Release|Any CPU.ActiveCfg = Release|Any CPU
		{E5968823-5138-4D25-946A-C3EABA75C893}.Release|Any CPU.Build.0 = Release|Any CPU
		{E5968823-5138-4D25-946A-C3EABA75C893}.Release|Any CPU.Deploy.0 = Release|Any CPU
		{E5968823-5138-4D25-946A-C3EABA75C893}.Release|ARM.ActiveCfg = Release|Any CPU
		{E5968823-5138-4D25-946A-C3EABA75C893}.Release|ARM.Build.0 = Release|Any CPU
		{E5968823-5138-4D25-946A-C3EABA75C893}.Release|ARM.Deploy.0 = Release|Any CPU
		{E5968823-5138-4D25-946A-C3EABA75C893}.Release|iPhone.ActiveCfg = Release|Any CPU
		{E5968823-5138-4D25-946A-C3EABA75C893}.Release|iPhone.Build.0 = Release|Any CPU
		{E5968823-5138-4D25-946A-C3EABA75C893}.Release|iPhone.Deploy.0 = Release|Any CPU
		{E5968823-5138-4D25-946A-C3EABA75C893}.Release|iPhoneSimulator.ActiveCfg = Release|Any CPU
		{E5968823-5138-4D25-946A-C3EABA75C893}.Release|iPhoneSimulator.Build.0 = Release|Any CPU
		{E5968823-5138-4D25-946A-C3EABA75C893}.Release|iPhoneSimulator.Deploy.0 = Release|Any CPU
		{E5968823-5138-4D25-946A-C3EABA75C893}.Release|x86.ActiveCfg = Release|Any CPU
		{E5968823-5138-4D25-946A-C3EABA75C893}.Release|x86.Build.0 = Release|Any CPU
		{E5968823-5138-4D25-946A-C3EABA75C893}.Release|x86.Deploy.0 = Release|Any CPU
		{76F7228D-C6A8-4D47-8804-E83E73910AB7}.Ad-Hoc|Any CPU.ActiveCfg = Release|Any CPU
		{76F7228D-C6A8-4D47-8804-E83E73910AB7}.Ad-Hoc|Any CPU.Build.0 = Release|Any CPU
		{76F7228D-C6A8-4D47-8804-E83E73910AB7}.Ad-Hoc|Any CPU.Deploy.0 = Release|Any CPU
		{76F7228D-C6A8-4D47-8804-E83E73910AB7}.Ad-Hoc|ARM.ActiveCfg = Release|ARM
		{76F7228D-C6A8-4D47-8804-E83E73910AB7}.Ad-Hoc|ARM.Build.0 = Release|ARM
		{76F7228D-C6A8-4D47-8804-E83E73910AB7}.Ad-Hoc|ARM.Deploy.0 = Release|ARM
		{76F7228D-C6A8-4D47-8804-E83E73910AB7}.Ad-Hoc|iPhone.ActiveCfg = Release|Any CPU
		{76F7228D-C6A8-4D47-8804-E83E73910AB7}.Ad-Hoc|iPhone.Build.0 = Release|Any CPU
		{76F7228D-C6A8-4D47-8804-E83E73910AB7}.Ad-Hoc|iPhone.Deploy.0 = Release|Any CPU
		{76F7228D-C6A8-4D47-8804-E83E73910AB7}.Ad-Hoc|iPhoneSimulator.ActiveCfg = Release|Any CPU
		{76F7228D-C6A8-4D47-8804-E83E73910AB7}.Ad-Hoc|iPhoneSimulator.Build.0 = Release|Any CPU
		{76F7228D-C6A8-4D47-8804-E83E73910AB7}.Ad-Hoc|iPhoneSimulator.Deploy.0 = Release|Any CPU
		{76F7228D-C6A8-4D47-8804-E83E73910AB7}.Ad-Hoc|x86.ActiveCfg = Release|x86
		{76F7228D-C6A8-4D47-8804-E83E73910AB7}.Ad-Hoc|x86.Build.0 = Release|x86
		{76F7228D-C6A8-4D47-8804-E83E73910AB7}.Ad-Hoc|x86.Deploy.0 = Release|x86
		{76F7228D-C6A8-4D47-8804-E83E73910AB7}.AppStore|Any CPU.ActiveCfg = Release|Any CPU
		{76F7228D-C6A8-4D47-8804-E83E73910AB7}.AppStore|Any CPU.Build.0 = Release|Any CPU
		{76F7228D-C6A8-4D47-8804-E83E73910AB7}.AppStore|Any CPU.Deploy.0 = Release|Any CPU
		{76F7228D-C6A8-4D47-8804-E83E73910AB7}.AppStore|ARM.ActiveCfg = Release|ARM
		{76F7228D-C6A8-4D47-8804-E83E73910AB7}.AppStore|ARM.Build.0 = Release|ARM
		{76F7228D-C6A8-4D47-8804-E83E73910AB7}.AppStore|ARM.Deploy.0 = Release|ARM
		{76F7228D-C6A8-4D47-8804-E83E73910AB7}.AppStore|iPhone.ActiveCfg = Release|Any CPU
		{76F7228D-C6A8-4D47-8804-E83E73910AB7}.AppStore|iPhone.Build.0 = Release|Any CPU
		{76F7228D-C6A8-4D47-8804-E83E73910AB7}.AppStore|iPhone.Deploy.0 = Release|Any CPU
		{76F7228D-C6A8-4D47-8804-E83E73910AB7}.AppStore|iPhoneSimulator.ActiveCfg = Release|Any CPU
		{76F7228D-C6A8-4D47-8804-E83E73910AB7}.AppStore|iPhoneSimulator.Build.0 = Release|Any CPU
		{76F7228D-C6A8-4D47-8804-E83E73910AB7}.AppStore|iPhoneSimulator.Deploy.0 = Release|Any CPU
		{76F7228D-C6A8-4D47-8804-E83E73910AB7}.AppStore|x86.ActiveCfg = Release|x86
		{76F7228D-C6A8-4D47-8804-E83E73910AB7}.AppStore|x86.Build.0 = Release|x86
		{76F7228D-C6A8-4D47-8804-E83E73910AB7}.AppStore|x86.Deploy.0 = Release|x86
		{76F7228D-C6A8-4D47-8804-E83E73910AB7}.Debug|Any CPU.ActiveCfg = Debug|Any CPU
		{76F7228D-C6A8-4D47-8804-E83E73910AB7}.Debug|Any CPU.Build.0 = Debug|Any CPU
		{76F7228D-C6A8-4D47-8804-E83E73910AB7}.Debug|Any CPU.Deploy.0 = Debug|Any CPU
		{76F7228D-C6A8-4D47-8804-E83E73910AB7}.Debug|ARM.ActiveCfg = Debug|ARM
		{76F7228D-C6A8-4D47-8804-E83E73910AB7}.Debug|ARM.Build.0 = Debug|ARM
		{76F7228D-C6A8-4D47-8804-E83E73910AB7}.Debug|ARM.Deploy.0 = Debug|ARM
		{76F7228D-C6A8-4D47-8804-E83E73910AB7}.Debug|iPhone.ActiveCfg = Debug|Any CPU
		{76F7228D-C6A8-4D47-8804-E83E73910AB7}.Debug|iPhone.Build.0 = Debug|Any CPU
		{76F7228D-C6A8-4D47-8804-E83E73910AB7}.Debug|iPhone.Deploy.0 = Debug|Any CPU
		{76F7228D-C6A8-4D47-8804-E83E73910AB7}.Debug|iPhoneSimulator.ActiveCfg = Debug|Any CPU
		{76F7228D-C6A8-4D47-8804-E83E73910AB7}.Debug|iPhoneSimulator.Build.0 = Debug|Any CPU
		{76F7228D-C6A8-4D47-8804-E83E73910AB7}.Debug|iPhoneSimulator.Deploy.0 = Debug|Any CPU
		{76F7228D-C6A8-4D47-8804-E83E73910AB7}.Debug|x86.ActiveCfg = Debug|x86
		{76F7228D-C6A8-4D47-8804-E83E73910AB7}.Debug|x86.Build.0 = Debug|x86
		{76F7228D-C6A8-4D47-8804-E83E73910AB7}.Debug|x86.Deploy.0 = Debug|x86
		{76F7228D-C6A8-4D47-8804-E83E73910AB7}.Release|Any CPU.ActiveCfg = Release|Any CPU
		{76F7228D-C6A8-4D47-8804-E83E73910AB7}.Release|Any CPU.Build.0 = Release|Any CPU
		{76F7228D-C6A8-4D47-8804-E83E73910AB7}.Release|Any CPU.Deploy.0 = Release|Any CPU
		{76F7228D-C6A8-4D47-8804-E83E73910AB7}.Release|ARM.ActiveCfg = Release|ARM
		{76F7228D-C6A8-4D47-8804-E83E73910AB7}.Release|ARM.Build.0 = Release|ARM
		{76F7228D-C6A8-4D47-8804-E83E73910AB7}.Release|ARM.Deploy.0 = Release|ARM
		{76F7228D-C6A8-4D47-8804-E83E73910AB7}.Release|iPhone.ActiveCfg = Release|Any CPU
		{76F7228D-C6A8-4D47-8804-E83E73910AB7}.Release|iPhone.Build.0 = Release|Any CPU
		{76F7228D-C6A8-4D47-8804-E83E73910AB7}.Release|iPhone.Deploy.0 = Release|Any CPU
		{76F7228D-C6A8-4D47-8804-E83E73910AB7}.Release|iPhoneSimulator.ActiveCfg = Release|Any CPU
		{76F7228D-C6A8-4D47-8804-E83E73910AB7}.Release|iPhoneSimulator.Build.0 = Release|Any CPU
		{76F7228D-C6A8-4D47-8804-E83E73910AB7}.Release|iPhoneSimulator.Deploy.0 = Release|Any CPU
		{76F7228D-C6A8-4D47-8804-E83E73910AB7}.Release|x86.ActiveCfg = Release|x86
		{76F7228D-C6A8-4D47-8804-E83E73910AB7}.Release|x86.Build.0 = Release|x86
		{76F7228D-C6A8-4D47-8804-E83E73910AB7}.Release|x86.Deploy.0 = Release|x86
	EndGlobalSection
	GlobalSection(SolutionProperties) = preSolution
		HideSolutionNode = FALSE
	EndGlobalSection
EndGlobal
